
Microsoft Visual Studio Solution File, Format Version 12.00
# Visual Studio 15
VisualStudioVersion = 15.0.28307.705
MinimumVisualStudioVersion = 10.0.40219.1
Project("{FAE04EC0-301F-11D3-BF4B-00C04F79EFBC}") = "FurniturefFOB", "FurniturefFOB\FurniturefFOB.csproj", "{8B74CEF4-BF8E-479D-B81C-0896579D75B9}"
EndProject
Global
	GlobalSection(SolutionConfigurationPlatforms) = preSolution
		Debug|Any CPU = Debug|Any CPU
		Debug|x86 = Debug|x86
		Release|Any CPU = Release|Any CPU
		Release|x86 = Release|x86
	EndGlobalSection
	GlobalSection(ProjectConfigurationPlatforms) = postSolution
		{8B74CEF4-BF8E-479D-B81C-0896579D75B9}.Debug|Any CPU.ActiveCfg = Debug|Any CPU
		{8B74CEF4-BF8E-479D-B81C-0896579D75B9}.Debug|Any CPU.Build.0 = Debug|Any CPU
		{8B74CEF4-BF8E-479D-B81C-0896579D75B9}.Debug|x86.ActiveCfg = Debug|x86
		{8B74CEF4-BF8E-479D-B81C-0896579D75B9}.Debug|x86.Build.0 = Debug|x86
		{8B74CEF4-BF8E-479D-B81C-0896579D75B9}.Release|Any CPU.ActiveCfg = Release|Any CPU
		{8B74CEF4-BF8E-479D-B81C-0896579D75B9}.Release|Any CPU.Build.0 = Release|Any CPU
		{8B74CEF4-BF8E-479D-B81C-0896579D75B9}.Release|x86.ActiveCfg = Release|x86
		{8B74CEF4-BF8E-479D-B81C-0896579D75B9}.Release|x86.Build.0 = Release|x86
	EndGlobalSection
	GlobalSection(SolutionProperties) = preSolution
		HideSolutionNode = FALSE
	EndGlobalSection
	GlobalSection(ExtensibilityGlobals) = postSolution
		SolutionGuid = {076EBAC6-456A-4544-9578-27F80E046EBD}
	EndGlobalSection
EndGlobal
